
Microsoft Visual Studio Solution File, Format Version 12.00
# Visual Studio Version 16
VisualStudioVersion = 25.0.1704.2
MinimumVisualStudioVersion = 10.0.40219.1
Project("{FAE04EC0-301F-11D3-BF4B-00C04F79EFBC}") = "GestaoLivrosApi", "GestaoLivrosApi.csproj", "{B32014B7-3B43-4885-97AA-93077D1E02DB}"
EndProject
Global
	GlobalSection(SolutionConfigurationPlatforms) = preSolution
		Debug|Any CPU = Debug|Any CPU
		Release|Any CPU = Release|Any CPU
	EndGlobalSection
	GlobalSection(ProjectConfigurationPlatforms) = postSolution
		{B32014B7-3B43-4885-97AA-93077D1E02DB}.Debug|Any CPU.ActiveCfg = Debug|Any CPU
		{B32014B7-3B43-4885-97AA-93077D1E02DB}.Debug|Any CPU.Build.0 = Debug|Any CPU
		{B32014B7-3B43-4885-97AA-93077D1E02DB}.Release|Any CPU.ActiveCfg = Release|Any CPU
		{B32014B7-3B43-4885-97AA-93077D1E02DB}.Release|Any CPU.Build.0 = Release|Any CPU
	EndGlobalSection
	GlobalSection(SolutionProperties) = preSolution
		HideSolutionNode = FALSE
	EndGlobalSection
	GlobalSection(ExtensibilityGlobals) = postSolution
		SolutionGuid = {A4654375-2C86-48AD-B690-77BA74EE690D}
	EndGlobalSection
EndGlobal
